{
  "nodes": {
    "fenix": {
      "inputs": {
        "nixpkgs": [
          "nixpkgs"
        ],
        "rust-analyzer-src": "rust-analyzer-src"
      },
      "locked": {
        "lastModified": 1764658058,
        "narHash": "sha256-SlTRd1nkReIkjshYNT6gXVtGSI3CjC+waV1ThDIWuUk=",
        "owner": "nix-community",
        "repo": "fenix",
        "rev": "12bd9c7bcbeb949741b3ad0ca2b3506d0718cf4d",
        "type": "github"
      },
      "original": {
        "owner": "nix-community",
        "repo": "fenix",
        "type": "github"
      }
    },
    "nixpkgs": {
      "locked": {
        "lastModified": 1764642553,
        "narHash": "sha256-mvbFFzVBhVK1FjyPHZGMAKpNiqkr7k++xIwy+p/NQvA=",
        "owner": "NixOS",
        "repo": "nixpkgs",
        "rev": "f720de59066162ee879adcc8c79e15c51fe6bfb4",
        "type": "github"
      },
      "original": {
        "owner": "NixOS",
        "ref": "nixpkgs-unstable",
        "repo": "nixpkgs",
        "type": "github"
      }
    },
    "root": {
      "inputs": {
        "fenix": "fenix",
        "nixpkgs": "nixpkgs"
      }
    },
    "rust-analyzer-src": {
      "flake": false,
      "locked": {
        "lastModified": 1764603480,
        "narHash": "sha256-Hu3X6DJ9CM4Ew/JmQCTqSwhZ4QvSEoNvVaa7BxkBrTU=",
        "owner": "rust-lang",
        "repo": "rust-analyzer",
        "rev": "f25db5500baa047106d74962fe361ea59ce6f91e",
        "type": "github"
      },
      "original": {
        "owner": "rust-lang",
        "ref": "nightly",
        "repo": "rust-analyzer",
        "type": "github"
      }
    }
  },
  "root": "root",
  "version": 7
}
